
Microsoft Visual Studio Solution File, Format Version 12.00
# Visual Studio 14
VisualStudioVersion = 14.0.25420.1
MinimumVisualStudioVersion = 10.0.40219.1
Project("{FAE04EC0-301F-11D3-BF4B-00C04F79EFBC}") = "CodeToTest", "CodeToTest\CodeToTest.csproj", "{D118C156-C560-4788-BAD5-13FE004B0864}"
EndProject
Project("{FAE04EC0-301F-11D3-BF4B-00C04F79EFBC}") = "Tests", "Tests\Tests.csproj", "{59A5676E-8766-428D-8EF2-7017497C8028}"
EndProject
Global
	GlobalSection(SolutionConfigurationPlatforms) = preSolution
		Debug|Any CPU = Debug|Any CPU
		Release|Any CPU = Release|Any CPU
	EndGlobalSection
	GlobalSection(ProjectConfigurationPlatforms) = postSolution
		{D118C156-C560-4788-BAD5-13FE004B0864}.Debug|Any CPU.ActiveCfg = Debug|Any CPU
		{D118C156-C560-4788-BAD5-13FE004B0864}.Debug|Any CPU.Build.0 = Debug|Any CPU
		{D118C156-C560-4788-BAD5-13FE004B0864}.Release|Any CPU.ActiveCfg = Release|Any CPU
		{D118C156-C560-4788-BAD5-13FE004B0864}.Release|Any CPU.Build.0 = Release|Any CPU
		{59A5676E-8766-428D-8EF2-7017497C8028}.Debug|Any CPU.ActiveCfg = Debug|Any CPU
		{59A5676E-8766-428D-8EF2-7017497C8028}.Debug|Any CPU.Build.0 = Debug|Any CPU
		{59A5676E-8766-428D-8EF2-7017497C8028}.Release|Any CPU.ActiveCfg = Release|Any CPU
		{59A5676E-8766-428D-8EF2-7017497C8028}.Release|Any CPU.Build.0 = Release|Any CPU
	EndGlobalSection
	GlobalSection(SolutionProperties) = preSolution
		HideSolutionNode = FALSE
	EndGlobalSection
EndGlobal
